// !$*UTF8*$!
{
	archiveVersion = 1;
	classes = {
	};
	objectVersion = 50;
	objects = {

/* Begin PBXBuildFile section */
		630B20CF2499A34D00E84DC6 /* IntroPageView.swift in Sources */ = {isa = PBXBuildFile; fileRef = 630B20CE2499A34D00E84DC6 /* IntroPageView.swift */; };
		630B20D12499E57F00E84DC6 /* ImageData.swift in Sources */ = {isa = PBXBuildFile; fileRef = 630B20D02499E57F00E84DC6 /* ImageData.swift */; };
		63686DA82498AAC60089FAAD /* AppDelegate.swift in Sources */ = {isa = PBXBuildFile; fileRef = 63686DA72498AAC60089FAAD /* AppDelegate.swift */; };
		63686DAA2498AAC60089FAAD /* SceneDelegate.swift in Sources */ = {isa = PBXBuildFile; fileRef = 63686DA92498AAC60089FAAD /* SceneDelegate.swift */; };
		63686DAC2498AAC60089FAAD /* IntroPageController.swift in Sources */ = {isa = PBXBuildFile; fileRef = 63686DAB2498AAC60089FAAD /* IntroPageController.swift */; };
		63686DB12498AACB0089FAAD /* Assets.xcassets in Resources */ = {isa = PBXBuildFile; fileRef = 63686DB02498AACB0089FAAD /* Assets.xcassets */; };
		63686DB42498AACB0089FAAD /* LaunchScreen.storyboard in Resources */ = {isa = PBXBuildFile; fileRef = 63686DB22498AACB0089FAAD /* LaunchScreen.storyboard */; };
		63C0115A2499EEB8004234B4 /* IntroPageCell.swift in Sources */ = {isa = PBXBuildFile; fileRef = 63C011592499EEB8004234B4 /* IntroPageCell.swift */; };
/* End PBXBuildFile section */

/* Begin PBXFileReference section */
		630B20CE2499A34D00E84DC6 /* IntroPageView.swift */ = {isa = PBXFileReference; lastKnownFileType = sourcecode.swift; path = IntroPageView.swift; sourceTree = "<group>"; };
		630B20D02499E57F00E84DC6 /* ImageData.swift */ = {isa = PBXFileReference; lastKnownFileType = sourcecode.swift; path = ImageData.swift; sourceTree = "<group>"; };
		63686DA42498AAC60089FAAD /* IntroPage.app */ = {isa = PBXFileReference; explicitFileType = wrapper.application; includeInIndex = 0; path = IntroPage.app; sourceTree = BUILT_PRODUCTS_DIR; };
		63686DA72498AAC60089FAAD /* AppDelegate.swift */ = {isa = PBXFileReference; lastKnownFileType = sourcecode.swift; path = AppDelegate.swift; sourceTree = "<group>"; };
		63686DA92498AAC60089FAAD /* SceneDelegate.swift */ = {isa = PBXFileReference; lastKnownFileType = sourcecode.swift; path = SceneDelegate.swift; sourceTree = "<group>"; };
		63686DAB2498AAC60089FAAD /* IntroPageController.swift */ = {isa = PBXFileReference; lastKnownFileType = sourcecode.swift; path = IntroPageController.swift; sourceTree = "<group>"; };
		63686DB02498AACB0089FAAD /* Assets.xcassets */ = {isa = PBXFileReference; lastKnownFileType = folder.assetcatalog; path = Assets.xcassets; sourceTree = "<group>"; };
		63686DB32498AACB0089FAAD /* Base */ = {isa = PBXFileReference; lastKnownFileType = file.storyboard; name = Base; path = Base.lproj/LaunchScreen.storyboard; sourceTree = "<group>"; };
		63686DB52498AACB0089FAAD /* Info.plist */ = {isa = PBXFileReference; lastKnownFileType = text.plist.xml; path = Info.plist; sourceTree = "<group>"; };
		63C011592499EEB8004234B4 /* IntroPageCell.swift */ = {isa = PBXFileReference; lastKnownFileType = sourcecode.swift; path = IntroPageCell.swift; sourceTree = "<group>"; };
/* End PBXFileReference section */

/* Begin PBXFrameworksBuildPhase section */
		63686DA12498AAC60089FAAD /* Frameworks */ = {
			isa = PBXFrameworksBuildPhase;
			buildActionMask = 2147483647;
			files = (
			);
			runOnlyForDeploymentPostprocessing = 0;
		};
/* End PBXFrameworksBuildPhase section */

/* Begin PBXGroup section */
		63686D9B2498AAC60089FAAD = {
			isa = PBXGroup;
			children = (
				63686DA62498AAC60089FAAD /* IntroPage */,
				63686DA52498AAC60089FAAD /* Products */,
			);
			sourceTree = "<group>";
		};
		63686DA52498AAC60089FAAD /* Products */ = {
			isa = PBXGroup;
			children = (
				63686DA42498AAC60089FAAD /* IntroPage.app */,
			);
			name = Products;
			sourceTree = "<group>";
		};
		63686DA62498AAC60089FAAD /* IntroPage */ = {
			isa = PBXGroup;
			children = (
				63686DA72498AAC60089FAAD /* AppDelegate.swift */,
				63686DA92498AAC60089FAAD /* SceneDelegate.swift */,
				63686DAB2498AAC60089FAAD /* IntroPageController.swift */,
				63686DB02498AACB0089FAAD /* Assets.xcassets */,
				63686DB22498AACB0089FAAD /* LaunchScreen.storyboard */,
				63686DB52498AACB0089FAAD /* Info.plist */,
				630B20CE2499A34D00E84DC6 /* IntroPageView.swift */,
				630B20D02499E57F00E84DC6 /* ImageData.swift */,
				63C011592499EEB8004234B4 /* IntroPageCell.swift */,
			);
			path = IntroPage;
			sourceTree = "<group>";
		};
/* End PBXGroup section */

/* Begin PBXNativeTarget section */
		63686DA32498AAC60089FAAD /* IntroPage */ = {
			isa = PBXNativeTarget;
			buildConfigurationList = 63686DB82498AACB0089FAAD /* Build configuration list for PBXNativeTarget "IntroPage" */;
			buildPhases = (
				63686DA02498AAC60089FAAD /* Sources */,
				63686DA12498AAC60089FAAD /* Frameworks */,
				63686DA22498AAC60089FAAD /* Resources */,
			);
			buildRules = (
			);
			dependencies = (
			);
			name = IntroPage;
			productName = IntroPage;
			productReference = 63686DA42498AAC60089FAAD /* IntroPage.app */;
			productType = "com.apple.product-type.application";
		};
/* End PBXNativeTarget section */

/* Begin PBXProject section */
		63686D9C2498AAC60089FAAD /* Project object */ = {
			isa = PBXProject;
			attributes = {
				LastSwiftUpdateCheck = 1150;
				LastUpgradeCheck = 1150;
				ORGANIZATIONNAME = JSK;
				TargetAttributes = {
					63686DA32498AAC60089FAAD = {
						CreatedOnToolsVersion = 11.5;
					};
				};
			};
			buildConfigurationList = 63686D9F2498AAC60089FAAD /* Build configuration list for PBXProject "IntroPage" */;
			compatibilityVersion = "Xcode 9.3";
			developmentRegion = en;
			hasScannedForEncodings = 0;
			knownRegions = (
				en,
				Base,
			);
			mainGroup = 63686D9B2498AAC60089FAAD;
			productRefGroup = 63686DA52498AAC60089FAAD /* Products */;
			projectDirPath = "";
			projectRoot = "";
			targets = (
				63686DA32498AAC60089FAAD /* IntroPage */,
			);
		};
/* End PBXProject section */

/* Begin PBXResourcesBuildPhase section */
		63686DA22498AAC60089FAAD /* Resources */ = {
			isa = PBXResourcesBuildPhase;
			buildActionMask = 2147483647;
			files = (
				63686DB42498AACB0089FAAD /* LaunchScreen.storyboard in Resources */,
				63686DB12498AACB0089FAAD /* Assets.xcassets in Resources */,
			);
			runOnlyForDeploymentPostprocessing = 0;
		};
/* End PBXResourcesBuildPhase section */

/* Begin PBXSourcesBuildPhase section */
		63686DA02498AAC60089FAAD /* Sources */ = {
			isa = PBXSourcesBuildPhase;
			buildActionMask = 2147483647;
			files = (
				63686DAC2498AAC60089FAAD /* IntroPageController.swift in Sources */,
				63C0115A2499EEB8004234B4 /* IntroPageCell.swift in Sources */,
				63686DA82498AAC60089FAAD /* AppDelegate.swift in Sources */,
				630B20CF2499A34D00E84DC6 /* IntroPageView.swift in Sources */,
				630B20D12499E57F00E84DC6 /* ImageData.swift in Sources */,
				63686DAA2498AAC60089FAAD /* SceneDelegate.swift in Sources */,
			);
			runOnlyForDeploymentPostprocessing = 0;
		};
/* End PBXSourcesBuildPhase section */

/* Begin PBXVariantGroup section */
		63686DB22498AACB0089FAAD /* LaunchScreen.storyboard */ = {
			isa = PBXVariantGroup;
			children = (
				63686DB32498AACB0089FAAD /* Base */,
			);
			name = LaunchScreen.storyboard;
			sourceTree = "<group>";
		};
/* End PBXVariantGroup section */

/* Begin XCBuildConfiguration section */
		63686DB62498AACB0089FAAD /* Debug */ = {
			isa = XCBuildConfiguration;
			buildSettings = {
				ALWAYS_SEARCH_USER_PATHS = NO;
				CLANG_ANALYZER_NONNULL = YES;
				CLANG_ANALYZER_NUMBER_OBJECT_CONVERSION = YES_AGGRESSIVE;
				CLANG_CXX_LANGUAGE_STANDARD = "gnu++14";
				CLANG_CXX_LIBRARY = "libc++";
				CLANG_ENABLE_MODULES = YES;
				CLANG_ENABLE_OBJC_ARC = YES;
				CLANG_ENABLE_OBJC_WEAK = YES;
				CLANG_WARN_BLOCK_CAPTURE_AUTORELEASING = YES;
				CLANG_WARN_BOOL_CONVERSION = YES;
				CLANG_WARN_COMMA = YES;
				CLANG_WARN_CONSTANT_CONVERSION = YES;
				CLANG_WARN_DEPRECATED_OBJC_IMPLEMENTATIONS = YES;
				CLANG_WARN_DIRECT_OBJC_ISA_USAGE = YES_ERROR;
				CLANG_WARN_DOCUMENTATION_COMMENTS = YES;
				CLANG_WARN_EMPTY_BODY = YES;
				CLANG_WARN_ENUM_CONVERSION = YES;
				CLANG_WARN_INFINITE_RECURSION = YES;
				CLANG_WARN_INT_CONVERSION = YES;
				CLANG_WARN_NON_LITERAL_NULL_CONVERSION = YES;
				CLANG_WARN_OBJC_IMPLICIT_RETAIN_SELF = YES;
				CLANG_WARN_OBJC_LITERAL_CONVERSION = YES;
				CLANG_WARN_OBJC_ROOT_CLASS = YES_ERROR;
				CLANG_WARN_RANGE_LOOP_ANALYSIS = YES;
				CLANG_WARN_STRICT_PROTOTYPES = YES;
				CLANG_WARN_SUSPICIOUS_MOVE = YES;
				CLANG_WARN_UNGUARDED_AVAILABILITY = YES_AGGRESSIVE;
				CLANG_WARN_UNREACHABLE_CODE = YES;
				CLANG_WARN__DUPLICATE_METHOD_MATCH = YES;
				COPY_PHASE_STRIP = NO;
				DEBUG_INFORMATION_FORMAT = dwarf;
				ENABLE_STRICT_OBJC_MSGSEND = YES;
				ENABLE_TESTABILITY = YES;
				GCC_C_LANGUAGE_STANDARD = gnu11;
				GCC_DYNAMIC_NO_PIC = NO;
				GCC_NO_COMMON_BLOCKS = YES;
				GCC_OPTIMIZATION_LEVEL = 0;
				GCC_PREPROCESSOR_DEFINITIONS = (
					"DEBUG=1",
					"$(inherited)",
				);
				GCC_WARN_64_TO_32_BIT_CONVERSION = YES;
				GCC_WARN_ABOUT_RETURN_TYPE = YES_ERROR;
				GCC_WARN_UNDECLARED_SELECTOR = YES;
				GCC_WARN_UNINITIALIZED_AUTOS = YES_AGGRESSIVE;
				GCC_WARN_UNUSED_FUNCTION = YES;
				GCC_WARN_UNUSED_VARIABLE = YES;
				IPHONEOS_DEPLOYMENT_TARGET = 13.5;
				MTL_ENABLE_DEBUG_INFO = INCLUDE_SOURCE;
				MTL_FAST_MATH = YES;
				ONLY_ACTIVE_ARCH = YES;
				SDKROOT = iphoneos;
				SWIFT_ACTIVE_COMPILATION_CONDITIONS = DEBUG;
				SWIFT_OPTIMIZATION_LEVEL = "-Onone";
			};
			name = Debug;
		};
		63686DB72498AACB0089FAAD /* Release */ = {
			isa = XCBuildConfiguration;
			buildSettings = {
				ALWAYS_SEARCH_USER_PATHS = NO;
				CLANG_ANALYZER_NONNULL = YES;
				CLANG_ANALYZER_NUMBER_OBJECT_CONVERSION = YES_AGGRESSIVE;
				CLANG_CXX_LANGUAGE_STANDARD = "gnu++14";
				CLANG_CXX_LIBRARY = "libc++";
				CLANG_ENABLE_MODULES = YES;
				CLANG_ENABLE_OBJC_ARC = YES;
				CLANG_ENABLE_OBJC_WEAK = YES;
				CLANG_WARN_BLOCK_CAPTURE_AUTORELEASING = YES;
				CLANG_WARN_BOOL_CONVERSION = YES;
				CLANG_WARN_COMMA = YES;
				CLANG_WARN_CONSTANT_CONVERSION = YES;
				CLANG_WARN_DEPRECATED_OBJC_IMPLEMENTATIONS = YES;
				CLANG_WARN_DIRECT_OBJC_ISA_USAGE = YES_ERROR;
				CLANG_WARN_DOCUMENTATION_COMMENTS = YES;
				CLANG_WARN_EMPTY_BODY = YES;
				CLANG_WARN_ENUM_CONVERSION = YES;
				CLANG_WARN_INFINITE_RECURSION = YES;
				CLANG_WARN_INT_CONVERSION = YES;
				CLANG_WARN_NON_LITERAL_NULL_CONVERSION = YES;
				CLANG_WARN_OBJC_IMPLICIT_RETAIN_SELF = YES;
				CLANG_WARN_OBJC_LITERAL_CONVERSION = YES;
				CLANG_WARN_OBJC_ROOT_CLASS = YES_ERROR;
				CLANG_WARN_RANGE_LOOP_ANALYSIS = YES;
				CLANG_WARN_STRICT_PROTOTYPES = YES;
				CLANG_WARN_SUSPICIOUS_MOVE = YES;
				CLANG_WARN_UNGUARDED_AVAILABILITY = YES_AGGRESSIVE;
				CLANG_WARN_UNREACHABLE_CODE = YES;
				CLANG_WARN__DUPLICATE_METHOD_MATCH = YES;
				COPY_PHASE_STRIP = NO;
				DEBUG_INFORMATION_FORMAT = "dwarf-with-dsym";
				ENABLE_NS_ASSERTIONS = NO;
				ENABLE_STRICT_OBJC_MSGSEND = YES;
				GCC_C_LANGUAGE_STANDARD = gnu11;
				GCC_NO_COMMON_BLOCKS = YES;
				GCC_WARN_64_TO_32_BIT_CONVERSION = YES;
				GCC_WARN_ABOUT_RETURN_TYPE = YES_ERROR;
				GCC_WARN_UNDECLARED_SELECTOR = YES;
				GCC_WARN_UNINITIALIZED_AUTOS = YES_AGGRESSIVE;
				GCC_WARN_UNUSED_FUNCTION = YES;
				GCC_WARN_UNUSED_VARIABLE = YES;
				IPHONEOS_DEPLOYMENT_TARGET = 13.5;
				MTL_ENABLE_DEBUG_INFO = NO;
				MTL_FAST_MATH = YES;
				SDKROOT = iphoneos;
				SWIFT_COMPILATION_MODE = wholemodule;
				SWIFT_OPTIMIZATION_LEVEL = "-O";
				VALIDATE_PRODUCT = YES;
			};
			name = Release;
		};
		63686DB92498AACB0089FAAD /* Debug */ = {
			isa = XCBuildConfiguration;
			buildSettings = {
				ASSETCATALOG_COMPILER_APPICON_NAME = AppIcon;
				CODE_SIGN_STYLE = Automatic;
				DEVELOPMENT_TEAM = F3X4RKDCVH;
				INFOPLIST_FILE = IntroPage/Info.plist;
				LD_RUNPATH_SEARCH_PATHS = (
					"$(inherited)",
					"@executable_path/Frameworks",
				);
				PRODUCT_BUNDLE_IDENTIFIER = "JSK-personal.IntroPage";
				PRODUCT_NAME = "$(TARGET_NAME)";
				SWIFT_VERSION = 5.0;
				TARGETED_DEVICE_FAMILY = "1,2";
			};
			name = Debug;
		};
		63686DBA2498AACB0089FAAD /* Release */ = {
			isa = XCBuildConfiguration;
			buildSettings = {
				ASSETCATALOG_COMPILER_APPICON_NAME = AppIcon;
				CODE_SIGN_STYLE = Automatic;
				DEVELOPMENT_TEAM = F3X4RKDCVH;
				INFOPLIST_FILE = IntroPage/Info.plist;
				LD_RUNPATH_SEARCH_PATHS = (
					"$(inherited)",
					"@executable_path/Frameworks",
				);
				PRODUCT_BUNDLE_IDENTIFIER = "JSK-personal.IntroPage";
				PRODUCT_NAME = "$(TARGET_NAME)";
				SWIFT_VERSION = 5.0;
				TARGETED_DEVICE_FAMILY = "1,2";
			};
			name = Release;
		};
/* End XCBuildConfiguration section */

/* Begin XCConfigurationList section */
		63686D9F2498AAC60089FAAD /* Build configuration list for PBXProject "IntroPage" */ = {
			isa = XCConfigurationList;
			buildConfigurations = (
				63686DB62498AACB0089FAAD /* Debug */,
				63686DB72498AACB0089FAAD /* Release */,
			);
			defaultConfigurationIsVisible = 0;
			defaultConfigurationName = Release;
		};
		63686DB82498AACB0089FAAD /* Build configuration list for PBXNativeTarget "IntroPage" */ = {
			isa = XCConfigurationList;
			buildConfigurations = (
				63686DB92498AACB0089FAAD /* Debug */,
				63686DBA2498AACB0089FAAD /* Release */,
			);
			defaultConfigurationIsVisible = 0;
			defaultConfigurationName = Release;
		};
/* End XCConfigurationList section */
	};
	rootObject = 63686D9C2498AAC60089FAAD /* Project object */;
}
