// !$*UTF8*$!
{
	archiveVersion = 1;
	classes = {
	};
	objectVersion = 51;
	objects = {

/* Begin PBXBuildFile section */
		0DF9F81F62EAF90D16CB8828 /* libPods-ToDoList.a in Frameworks */ = {isa = PBXBuildFile; fileRef = 1E35E277F3A5854B56A8E268 /* libPods-ToDoList.a */; };
		634AD5F3248DC54D00C6C991 /* AppDelegate.swift in Sources */ = {isa = PBXBuildFile; fileRef = 634AD5F2248DC54D00C6C991 /* AppDelegate.swift */; };
		634AD5F5248DC54D00C6C991 /* SceneDelegate.swift in Sources */ = {isa = PBXBuildFile; fileRef = 634AD5F4248DC54D00C6C991 /* SceneDelegate.swift */; };
		634AD5F7248DC54D00C6C991 /* ViewController.swift in Sources */ = {isa = PBXBuildFile; fileRef = 634AD5F6248DC54D00C6C991 /* ViewController.swift */; };
		634AD5FC248DC55000C6C991 /* Assets.xcassets in Resources */ = {isa = PBXBuildFile; fileRef = 634AD5FB248DC55000C6C991 /* Assets.xcassets */; };
		634AD5FF248DC55000C6C991 /* LaunchScreen.storyboard in Resources */ = {isa = PBXBuildFile; fileRef = 634AD5FD248DC55000C6C991 /* LaunchScreen.storyboard */; };
		634AD607248E21F100C6C991 /* CollectionViewController.swift in Sources */ = {isa = PBXBuildFile; fileRef = 634AD606248E21F100C6C991 /* CollectionViewController.swift */; };
		634AD609248E357400C6C991 /* DetailsViewController.swift in Sources */ = {isa = PBXBuildFile; fileRef = 634AD608248E357400C6C991 /* DetailsViewController.swift */; };
		634AD60B248F1DA100C6C991 /* Podfile in Resources */ = {isa = PBXBuildFile; fileRef = 634AD60A248F1DA100C6C991 /* Podfile */; };
		634AD60D248F27BB00C6C991 /* MapViewController.swift in Sources */ = {isa = PBXBuildFile; fileRef = 634AD60C248F27BB00C6C991 /* MapViewController.swift */; };
		634AD6442490AFC600C6C991 /* Task.swift in Sources */ = {isa = PBXBuildFile; fileRef = 634AD6432490AFC600C6C991 /* Task.swift */; };
/* End PBXBuildFile section */

/* Begin PBXFileReference section */
		1E35E277F3A5854B56A8E268 /* libPods-ToDoList.a */ = {isa = PBXFileReference; explicitFileType = archive.ar; includeInIndex = 0; path = "libPods-ToDoList.a"; sourceTree = BUILT_PRODUCTS_DIR; };
		54EDEAF85A1B96F680CA5803 /* Pods-ToDoList.release.xcconfig */ = {isa = PBXFileReference; includeInIndex = 1; lastKnownFileType = text.xcconfig; name = "Pods-ToDoList.release.xcconfig"; path = "Target Support Files/Pods-ToDoList/Pods-ToDoList.release.xcconfig"; sourceTree = "<group>"; };
		634AD5EF248DC54D00C6C991 /* ToDoList.app */ = {isa = PBXFileReference; explicitFileType = wrapper.application; includeInIndex = 0; path = ToDoList.app; sourceTree = BUILT_PRODUCTS_DIR; };
		634AD5F2248DC54D00C6C991 /* AppDelegate.swift */ = {isa = PBXFileReference; lastKnownFileType = sourcecode.swift; path = AppDelegate.swift; sourceTree = "<group>"; };
		634AD5F4248DC54D00C6C991 /* SceneDelegate.swift */ = {isa = PBXFileReference; lastKnownFileType = sourcecode.swift; path = SceneDelegate.swift; sourceTree = "<group>"; };
		634AD5F6248DC54D00C6C991 /* ViewController.swift */ = {isa = PBXFileReference; lastKnownFileType = sourcecode.swift; path = ViewController.swift; sourceTree = "<group>"; };
		634AD5FB248DC55000C6C991 /* Assets.xcassets */ = {isa = PBXFileReference; lastKnownFileType = folder.assetcatalog; path = Assets.xcassets; sourceTree = "<group>"; };
		634AD5FE248DC55000C6C991 /* Base */ = {isa = PBXFileReference; lastKnownFileType = file.storyboard; name = Base; path = Base.lproj/LaunchScreen.storyboard; sourceTree = "<group>"; };
		634AD600248DC55000C6C991 /* Info.plist */ = {isa = PBXFileReference; lastKnownFileType = text.plist.xml; path = Info.plist; sourceTree = "<group>"; };
		634AD606248E21F100C6C991 /* CollectionViewController.swift */ = {isa = PBXFileReference; lastKnownFileType = sourcecode.swift; path = CollectionViewController.swift; sourceTree = "<group>"; };
		634AD608248E357400C6C991 /* DetailsViewController.swift */ = {isa = PBXFileReference; lastKnownFileType = sourcecode.swift; path = DetailsViewController.swift; sourceTree = "<group>"; };
		634AD60A248F1DA100C6C991 /* Podfile */ = {isa = PBXFileReference; lastKnownFileType = text; path = Podfile; sourceTree = "<group>"; xcLanguageSpecificationIdentifier = xcode.lang.ruby; };
		634AD60C248F27BB00C6C991 /* MapViewController.swift */ = {isa = PBXFileReference; lastKnownFileType = sourcecode.swift; path = MapViewController.swift; sourceTree = "<group>"; };
		634AD6432490AFC600C6C991 /* Task.swift */ = {isa = PBXFileReference; lastKnownFileType = sourcecode.swift; path = Task.swift; sourceTree = "<group>"; };
		8E11A00B08052DBDA36BEFAD /* Pods-ToDoList.debug.xcconfig */ = {isa = PBXFileReference; includeInIndex = 1; lastKnownFileType = text.xcconfig; name = "Pods-ToDoList.debug.xcconfig"; path = "Target Support Files/Pods-ToDoList/Pods-ToDoList.debug.xcconfig"; sourceTree = "<group>"; };
/* End PBXFileReference section */

/* Begin PBXFrameworksBuildPhase section */
		634AD5EC248DC54D00C6C991 /* Frameworks */ = {
			isa = PBXFrameworksBuildPhase;
			buildActionMask = 2147483647;
			files = (
				0DF9F81F62EAF90D16CB8828 /* libPods-ToDoList.a in Frameworks */,
			);
			runOnlyForDeploymentPostprocessing = 0;
		};
/* End PBXFrameworksBuildPhase section */

/* Begin PBXGroup section */
		634AD5E6248DC54D00C6C991 = {
			isa = PBXGroup;
			children = (
				634AD60A248F1DA100C6C991 /* Podfile */,
				634AD5F1248DC54D00C6C991 /* ToDoList */,
				634AD5F0248DC54D00C6C991 /* Products */,
				F38F3003B7C337E74076F093 /* Pods */,
				E7316CF95143F9E4C1C0F312 /* Frameworks */,
			);
			sourceTree = "<group>";
		};
		634AD5F0248DC54D00C6C991 /* Products */ = {
			isa = PBXGroup;
			children = (
				634AD5EF248DC54D00C6C991 /* ToDoList.app */,
			);
			name = Products;
			sourceTree = "<group>";
		};
		634AD5F1248DC54D00C6C991 /* ToDoList */ = {
			isa = PBXGroup;
			children = (
				634AD6472490DEE000C6C991 /* DB */,
				634AD6422490AF9900C6C991 /* Controller */,
				634AD6412490AF9200C6C991 /* View */,
				634AD63F2490AF7F00C6C991 /* Model */,
				634AD5F2248DC54D00C6C991 /* AppDelegate.swift */,
				634AD5F4248DC54D00C6C991 /* SceneDelegate.swift */,
				634AD5FB248DC55000C6C991 /* Assets.xcassets */,
				634AD5FD248DC55000C6C991 /* LaunchScreen.storyboard */,
				634AD600248DC55000C6C991 /* Info.plist */,
			);
			path = ToDoList;
			sourceTree = "<group>";
		};
		634AD63F2490AF7F00C6C991 /* Model */ = {
			isa = PBXGroup;
			children = (
				634AD6432490AFC600C6C991 /* Task.swift */,
			);
			path = Model;
			sourceTree = "<group>";
		};
		634AD6412490AF9200C6C991 /* View */ = {
			isa = PBXGroup;
			children = (
			);
			path = View;
			sourceTree = "<group>";
		};
		634AD6422490AF9900C6C991 /* Controller */ = {
			isa = PBXGroup;
			children = (
				634AD608248E357400C6C991 /* DetailsViewController.swift */,
				634AD5F6248DC54D00C6C991 /* ViewController.swift */,
				634AD606248E21F100C6C991 /* CollectionViewController.swift */,
				634AD60C248F27BB00C6C991 /* MapViewController.swift */,
			);
			path = Controller;
			sourceTree = "<group>";
		};
		634AD6472490DEE000C6C991 /* DB */ = {
			isa = PBXGroup;
			children = (
			);
			path = DB;
			sourceTree = "<group>";
		};
		E7316CF95143F9E4C1C0F312 /* Frameworks */ = {
			isa = PBXGroup;
			children = (
				1E35E277F3A5854B56A8E268 /* libPods-ToDoList.a */,
			);
			name = Frameworks;
			sourceTree = "<group>";
		};
		F38F3003B7C337E74076F093 /* Pods */ = {
			isa = PBXGroup;
			children = (
				8E11A00B08052DBDA36BEFAD /* Pods-ToDoList.debug.xcconfig */,
				54EDEAF85A1B96F680CA5803 /* Pods-ToDoList.release.xcconfig */,
			);
			path = Pods;
			sourceTree = "<group>";
		};
/* End PBXGroup section */

/* Begin PBXNativeTarget section */
		634AD5EE248DC54D00C6C991 /* ToDoList */ = {
			isa = PBXNativeTarget;
			buildConfigurationList = 634AD603248DC55000C6C991 /* Build configuration list for PBXNativeTarget "ToDoList" */;
			buildPhases = (
				1246FE03DDED90E8B108ACC9 /* [CP] Check Pods Manifest.lock */,
				634AD5EB248DC54D00C6C991 /* Sources */,
				634AD5EC248DC54D00C6C991 /* Frameworks */,
				634AD5ED248DC54D00C6C991 /* Resources */,
				5A30D77994B39B0D717F2E4F /* [CP] Copy Pods Resources */,
			);
			buildRules = (
			);
			dependencies = (
			);
			name = ToDoList;
			productName = ToDoList;
			productReference = 634AD5EF248DC54D00C6C991 /* ToDoList.app */;
			productType = "com.apple.product-type.application";
		};
/* End PBXNativeTarget section */

/* Begin PBXProject section */
		634AD5E7248DC54D00C6C991 /* Project object */ = {
			isa = PBXProject;
			attributes = {
				LastSwiftUpdateCheck = 1150;
				LastUpgradeCheck = 1150;
				ORGANIZATIONNAME = JSK;
				TargetAttributes = {
					634AD5EE248DC54D00C6C991 = {
						CreatedOnToolsVersion = 11.5;
					};
				};
			};
			buildConfigurationList = 634AD5EA248DC54D00C6C991 /* Build configuration list for PBXProject "ToDoList" */;
			compatibilityVersion = "Xcode 9.3";
			developmentRegion = en;
			hasScannedForEncodings = 0;
			knownRegions = (
				en,
				Base,
			);
			mainGroup = 634AD5E6248DC54D00C6C991;
			productRefGroup = 634AD5F0248DC54D00C6C991 /* Products */;
			projectDirPath = "";
			projectRoot = "";
			targets = (
				634AD5EE248DC54D00C6C991 /* ToDoList */,
			);
		};
/* End PBXProject section */

/* Begin PBXResourcesBuildPhase section */
		634AD5ED248DC54D00C6C991 /* Resources */ = {
			isa = PBXResourcesBuildPhase;
			buildActionMask = 2147483647;
			files = (
				634AD60B248F1DA100C6C991 /* Podfile in Resources */,
				634AD5FF248DC55000C6C991 /* LaunchScreen.storyboard in Resources */,
				634AD5FC248DC55000C6C991 /* Assets.xcassets in Resources */,
			);
			runOnlyForDeploymentPostprocessing = 0;
		};
/* End PBXResourcesBuildPhase section */

/* Begin PBXShellScriptBuildPhase section */
		1246FE03DDED90E8B108ACC9 /* [CP] Check Pods Manifest.lock */ = {
			isa = PBXShellScriptBuildPhase;
			buildActionMask = 2147483647;
			files = (
			);
			inputFileListPaths = (
			);
			inputPaths = (
				"${PODS_PODFILE_DIR_PATH}/Podfile.lock",
				"${PODS_ROOT}/Manifest.lock",
			);
			name = "[CP] Check Pods Manifest.lock";
			outputFileListPaths = (
			);
			outputPaths = (
				"$(DERIVED_FILE_DIR)/Pods-ToDoList-checkManifestLockResult.txt",
			);
			runOnlyForDeploymentPostprocessing = 0;
			shellPath = /bin/sh;
			shellScript = "diff \"${PODS_PODFILE_DIR_PATH}/Podfile.lock\" \"${PODS_ROOT}/Manifest.lock\" > /dev/null\nif [ $? != 0 ] ; then\n    # print error to STDERR\n    echo \"error: The sandbox is not in sync with the Podfile.lock. Run 'pod install' or update your CocoaPods installation.\" >&2\n    exit 1\nfi\n# This output is used by Xcode 'outputs' to avoid re-running this script phase.\necho \"SUCCESS\" > \"${SCRIPT_OUTPUT_FILE_0}\"\n";
			showEnvVarsInLog = 0;
		};
		5A30D77994B39B0D717F2E4F /* [CP] Copy Pods Resources */ = {
			isa = PBXShellScriptBuildPhase;
			buildActionMask = 2147483647;
			files = (
			);
			inputFileListPaths = (
				"${PODS_ROOT}/Target Support Files/Pods-ToDoList/Pods-ToDoList-resources-${CONFIGURATION}-input-files.xcfilelist",
			);
			name = "[CP] Copy Pods Resources";
			outputFileListPaths = (
				"${PODS_ROOT}/Target Support Files/Pods-ToDoList/Pods-ToDoList-resources-${CONFIGURATION}-output-files.xcfilelist",
			);
			runOnlyForDeploymentPostprocessing = 0;
			shellPath = /bin/sh;
			shellScript = "\"${PODS_ROOT}/Target Support Files/Pods-ToDoList/Pods-ToDoList-resources.sh\"\n";
			showEnvVarsInLog = 0;
		};
/* End PBXShellScriptBuildPhase section */

/* Begin PBXSourcesBuildPhase section */
		634AD5EB248DC54D00C6C991 /* Sources */ = {
			isa = PBXSourcesBuildPhase;
			buildActionMask = 2147483647;
			files = (
				634AD6442490AFC600C6C991 /* Task.swift in Sources */,
				634AD607248E21F100C6C991 /* CollectionViewController.swift in Sources */,
				634AD60D248F27BB00C6C991 /* MapViewController.swift in Sources */,
				634AD5F7248DC54D00C6C991 /* ViewController.swift in Sources */,
				634AD5F3248DC54D00C6C991 /* AppDelegate.swift in Sources */,
				634AD5F5248DC54D00C6C991 /* SceneDelegate.swift in Sources */,
				634AD609248E357400C6C991 /* DetailsViewController.swift in Sources */,
			);
			runOnlyForDeploymentPostprocessing = 0;
		};
/* End PBXSourcesBuildPhase section */

/* Begin PBXVariantGroup section */
		634AD5FD248DC55000C6C991 /* LaunchScreen.storyboard */ = {
			isa = PBXVariantGroup;
			children = (
				634AD5FE248DC55000C6C991 /* Base */,
			);
			name = LaunchScreen.storyboard;
			sourceTree = "<group>";
		};
/* End PBXVariantGroup section */

/* Begin XCBuildConfiguration section */
		634AD601248DC55000C6C991 /* Debug */ = {
			isa = XCBuildConfiguration;
			buildSettings = {
				ALWAYS_SEARCH_USER_PATHS = NO;
				CLANG_ANALYZER_NONNULL = YES;
				CLANG_ANALYZER_NUMBER_OBJECT_CONVERSION = YES_AGGRESSIVE;
				CLANG_CXX_LANGUAGE_STANDARD = "gnu++14";
				CLANG_CXX_LIBRARY = "libc++";
				CLANG_ENABLE_MODULES = YES;
				CLANG_ENABLE_OBJC_ARC = YES;
				CLANG_ENABLE_OBJC_WEAK = YES;
				CLANG_WARN_BLOCK_CAPTURE_AUTORELEASING = YES;
				CLANG_WARN_BOOL_CONVERSION = YES;
				CLANG_WARN_COMMA = YES;
				CLANG_WARN_CONSTANT_CONVERSION = YES;
				CLANG_WARN_DEPRECATED_OBJC_IMPLEMENTATIONS = YES;
				CLANG_WARN_DIRECT_OBJC_ISA_USAGE = YES_ERROR;
				CLANG_WARN_DOCUMENTATION_COMMENTS = YES;
				CLANG_WARN_EMPTY_BODY = YES;
				CLANG_WARN_ENUM_CONVERSION = YES;
				CLANG_WARN_INFINITE_RECURSION = YES;
				CLANG_WARN_INT_CONVERSION = YES;
				CLANG_WARN_NON_LITERAL_NULL_CONVERSION = YES;
				CLANG_WARN_OBJC_IMPLICIT_RETAIN_SELF = YES;
				CLANG_WARN_OBJC_LITERAL_CONVERSION = YES;
				CLANG_WARN_OBJC_ROOT_CLASS = YES_ERROR;
				CLANG_WARN_RANGE_LOOP_ANALYSIS = YES;
				CLANG_WARN_STRICT_PROTOTYPES = YES;
				CLANG_WARN_SUSPICIOUS_MOVE = YES;
				CLANG_WARN_UNGUARDED_AVAILABILITY = YES_AGGRESSIVE;
				CLANG_WARN_UNREACHABLE_CODE = YES;
				CLANG_WARN__DUPLICATE_METHOD_MATCH = YES;
				COPY_PHASE_STRIP = NO;
				DEBUG_INFORMATION_FORMAT = dwarf;
				ENABLE_STRICT_OBJC_MSGSEND = YES;
				ENABLE_TESTABILITY = YES;
				GCC_C_LANGUAGE_STANDARD = gnu11;
				GCC_DYNAMIC_NO_PIC = NO;
				GCC_NO_COMMON_BLOCKS = YES;
				GCC_OPTIMIZATION_LEVEL = 0;
				GCC_PREPROCESSOR_DEFINITIONS = (
					"DEBUG=1",
					"$(inherited)",
				);
				GCC_WARN_64_TO_32_BIT_CONVERSION = YES;
				GCC_WARN_ABOUT_RETURN_TYPE = YES_ERROR;
				GCC_WARN_UNDECLARED_SELECTOR = YES;
				GCC_WARN_UNINITIALIZED_AUTOS = YES_AGGRESSIVE;
				GCC_WARN_UNUSED_FUNCTION = YES;
				GCC_WARN_UNUSED_VARIABLE = YES;
				IPHONEOS_DEPLOYMENT_TARGET = 13.5;
				MTL_ENABLE_DEBUG_INFO = INCLUDE_SOURCE;
				MTL_FAST_MATH = YES;
				ONLY_ACTIVE_ARCH = YES;
				SDKROOT = iphoneos;
				SWIFT_ACTIVE_COMPILATION_CONDITIONS = DEBUG;
				SWIFT_OPTIMIZATION_LEVEL = "-Onone";
			};
			name = Debug;
		};
		634AD602248DC55000C6C991 /* Release */ = {
			isa = XCBuildConfiguration;
			buildSettings = {
				ALWAYS_SEARCH_USER_PATHS = NO;
				CLANG_ANALYZER_NONNULL = YES;
				CLANG_ANALYZER_NUMBER_OBJECT_CONVERSION = YES_AGGRESSIVE;
				CLANG_CXX_LANGUAGE_STANDARD = "gnu++14";
				CLANG_CXX_LIBRARY = "libc++";
				CLANG_ENABLE_MODULES = YES;
				CLANG_ENABLE_OBJC_ARC = YES;
				CLANG_ENABLE_OBJC_WEAK = YES;
				CLANG_WARN_BLOCK_CAPTURE_AUTORELEASING = YES;
				CLANG_WARN_BOOL_CONVERSION = YES;
				CLANG_WARN_COMMA = YES;
				CLANG_WARN_CONSTANT_CONVERSION = YES;
				CLANG_WARN_DEPRECATED_OBJC_IMPLEMENTATIONS = YES;
				CLANG_WARN_DIRECT_OBJC_ISA_USAGE = YES_ERROR;
				CLANG_WARN_DOCUMENTATION_COMMENTS = YES;
				CLANG_WARN_EMPTY_BODY = YES;
				CLANG_WARN_ENUM_CONVERSION = YES;
				CLANG_WARN_INFINITE_RECURSION = YES;
				CLANG_WARN_INT_CONVERSION = YES;
				CLANG_WARN_NON_LITERAL_NULL_CONVERSION = YES;
				CLANG_WARN_OBJC_IMPLICIT_RETAIN_SELF = YES;
				CLANG_WARN_OBJC_LITERAL_CONVERSION = YES;
				CLANG_WARN_OBJC_ROOT_CLASS = YES_ERROR;
				CLANG_WARN_RANGE_LOOP_ANALYSIS = YES;
				CLANG_WARN_STRICT_PROTOTYPES = YES;
				CLANG_WARN_SUSPICIOUS_MOVE = YES;
				CLANG_WARN_UNGUARDED_AVAILABILITY = YES_AGGRESSIVE;
				CLANG_WARN_UNREACHABLE_CODE = YES;
				CLANG_WARN__DUPLICATE_METHOD_MATCH = YES;
				COPY_PHASE_STRIP = NO;
				DEBUG_INFORMATION_FORMAT = "dwarf-with-dsym";
				ENABLE_NS_ASSERTIONS = NO;
				ENABLE_STRICT_OBJC_MSGSEND = YES;
				GCC_C_LANGUAGE_STANDARD = gnu11;
				GCC_NO_COMMON_BLOCKS = YES;
				GCC_WARN_64_TO_32_BIT_CONVERSION = YES;
				GCC_WARN_ABOUT_RETURN_TYPE = YES_ERROR;
				GCC_WARN_UNDECLARED_SELECTOR = YES;
				GCC_WARN_UNINITIALIZED_AUTOS = YES_AGGRESSIVE;
				GCC_WARN_UNUSED_FUNCTION = YES;
				GCC_WARN_UNUSED_VARIABLE = YES;
				IPHONEOS_DEPLOYMENT_TARGET = 13.5;
				MTL_ENABLE_DEBUG_INFO = NO;
				MTL_FAST_MATH = YES;
				SDKROOT = iphoneos;
				SWIFT_COMPILATION_MODE = wholemodule;
				SWIFT_OPTIMIZATION_LEVEL = "-O";
				VALIDATE_PRODUCT = YES;
			};
			name = Release;
		};
		634AD604248DC55000C6C991 /* Debug */ = {
			isa = XCBuildConfiguration;
			baseConfigurationReference = 8E11A00B08052DBDA36BEFAD /* Pods-ToDoList.debug.xcconfig */;
			buildSettings = {
				ASSETCATALOG_COMPILER_APPICON_NAME = AppIcon;
				CODE_SIGN_STYLE = Automatic;
				DEVELOPMENT_TEAM = 6Q9AFF95KX;
				INFOPLIST_FILE = ToDoList/Info.plist;
				LD_RUNPATH_SEARCH_PATHS = (
					"$(inherited)",
					"@executable_path/Frameworks",
				);
				PRODUCT_BUNDLE_IDENTIFIER = "JSK-personal.ToDoList";
				PRODUCT_NAME = "$(TARGET_NAME)";
				SWIFT_VERSION = 5.0;
				TARGETED_DEVICE_FAMILY = "1,2";
			};
			name = Debug;
		};
		634AD605248DC55000C6C991 /* Release */ = {
			isa = XCBuildConfiguration;
			baseConfigurationReference = 54EDEAF85A1B96F680CA5803 /* Pods-ToDoList.release.xcconfig */;
			buildSettings = {
				ASSETCATALOG_COMPILER_APPICON_NAME = AppIcon;
				CODE_SIGN_STYLE = Automatic;
				DEVELOPMENT_TEAM = 6Q9AFF95KX;
				INFOPLIST_FILE = ToDoList/Info.plist;
				LD_RUNPATH_SEARCH_PATHS = (
					"$(inherited)",
					"@executable_path/Frameworks",
				);
				PRODUCT_BUNDLE_IDENTIFIER = "JSK-personal.ToDoList";
				PRODUCT_NAME = "$(TARGET_NAME)";
				SWIFT_VERSION = 5.0;
				TARGETED_DEVICE_FAMILY = "1,2";
			};
			name = Release;
		};
/* End XCBuildConfiguration section */

/* Begin XCConfigurationList section */
		634AD5EA248DC54D00C6C991 /* Build configuration list for PBXProject "ToDoList" */ = {
			isa = XCConfigurationList;
			buildConfigurations = (
				634AD601248DC55000C6C991 /* Debug */,
				634AD602248DC55000C6C991 /* Release */,
			);
			defaultConfigurationIsVisible = 0;
			defaultConfigurationName = Release;
		};
		634AD603248DC55000C6C991 /* Build configuration list for PBXNativeTarget "ToDoList" */ = {
			isa = XCConfigurationList;
			buildConfigurations = (
				634AD604248DC55000C6C991 /* Debug */,
				634AD605248DC55000C6C991 /* Release */,
			);
			defaultConfigurationIsVisible = 0;
			defaultConfigurationName = Release;
		};
/* End XCConfigurationList section */
	};
	rootObject = 634AD5E7248DC54D00C6C991 /* Project object */;
}
